<Solution>
  <Project Path="AuthService/AuthMicroservice.csproj" Id="73607fc4-ab2f-4586-b663-b3752a93dde9" />
  <Project Path="ToDoApp.Application/ToDoApp.Application.csproj" Id="cac8f849-01d2-4277-b4ba-72c70e28363c" />
  <Project Path="ToDoApp.Domain/ToDoApp.Domain.csproj" Id="5faa605d-78e6-413c-ae65-5417ab14608c" />
  <Project Path="ToDoApp.Infrastructure/ToDoApp.Infrastructure.csproj" Id="e1364822-2a89-43d2-93ba-6bd460ac75fa" />
  <Project Path="ToDoApp.Web/ToDoApp.Web.csproj" Id="a91dc861-f3d4-4a94-9f0b-ecd29b0ff8d6" />
</Solution>
